
Microsoft Visual Studio Solution File, Format Version 12.00
# Visual Studio Version 17
VisualStudioVersion = 17.10.35013.160
MinimumVisualStudioVersion = 10.0.40219.1
Project("{FAE04EC0-301F-11D3-BF4B-00C04F79EFBC}") = "GuitarProject", "GuitarProject\GuitarProject.csproj", "{AA9A369C-E2BC-4F57-B90D-20A1BB5C1EF9}"
EndProject
Global
	GlobalSection(SolutionConfigurationPlatforms) = preSolution
		Debug|Any CPU = Debug|Any CPU
		Release|Any CPU = Release|Any CPU
	EndGlobalSection
	GlobalSection(ProjectConfigurationPlatforms) = postSolution
		{AA9A369C-E2BC-4F57-B90D-20A1BB5C1EF9}.Debug|Any CPU.ActiveCfg = Debug|Any CPU
		{AA9A369C-E2BC-4F57-B90D-20A1BB5C1EF9}.Debug|Any CPU.Build.0 = Debug|Any CPU
		{AA9A369C-E2BC-4F57-B90D-20A1BB5C1EF9}.Release|Any CPU.ActiveCfg = Release|Any CPU
		{AA9A369C-E2BC-4F57-B90D-20A1BB5C1EF9}.Release|Any CPU.Build.0 = Release|Any CPU
	EndGlobalSection
	GlobalSection(SolutionProperties) = preSolution
		HideSolutionNode = FALSE
	EndGlobalSection
	GlobalSection(ExtensibilityGlobals) = postSolution
		SolutionGuid = {14DC1397-2641-40B8-8448-E279D94189A0}
	EndGlobalSection
EndGlobal
